// !$*UTF8*$!
{
	archiveVersion = 1;
	classes = {
	};
	objectVersion = 48;
	objects = {

/* Begin PBXBuildFile section */
		70FAB64A2063F1E3000DD595 /* AppDelegate.m in Sources */ = {isa = PBXBuildFile; fileRef = 70FAB6492063F1E3000DD595 /* AppDelegate.m */; };
		70FAB64D2063F1E3000DD595 /* ViewController.m in Sources */ = {isa = PBXBuildFile; fileRef = 70FAB64C2063F1E3000DD595 /* ViewController.m */; };
		70FAB6502063F1E3000DD595 /* Main.storyboard in Resources */ = {isa = PBXBuildFile; fileRef = 70FAB64E2063F1E3000DD595 /* Main.storyboard */; };
		70FAB6522063F1E3000DD595 /* Assets.xcassets in Resources */ = {isa = PBXBuildFile; fileRef = 70FAB6512063F1E3000DD595 /* Assets.xcassets */; };
		70FAB6552063F1E3000DD595 /* LaunchScreen.storyboard in Resources */ = {isa = PBXBuildFile; fileRef = 70FAB6532063F1E3000DD595 /* LaunchScreen.storyboard */; };
		70FAB6582063F1E3000DD595 /* main.m in Sources */ = {isa = PBXBuildFile; fileRef = 70FAB6572063F1E3000DD595 /* main.m */; };
		70FAB66B2063F2A1000DD595 /* YKAngleTool.m in Sources */ = {isa = PBXBuildFile; fileRef = 70FAB6612063F2A1000DD595 /* YKAngleTool.m */; };
		70FAB66C2063F2A1000DD595 /* YKCircleView.m in Sources */ = {isa = PBXBuildFile; fileRef = 70FAB6632063F2A1000DD595 /* YKCircleView.m */; };
		70FAB66D2063F2A1000DD595 /* YKDataModel.m in Sources */ = {isa = PBXBuildFile; fileRef = 70FAB6662063F2A1000DD595 /* YKDataModel.m */; };
		70FAB66E2063F2A1000DD595 /* YKLoopView.m in Sources */ = {isa = PBXBuildFile; fileRef = 70FAB6692063F2A1000DD595 /* YKLoopView.m */; };
		70FAB66F2063F2A1000DD595 /* YKPieView.m in Sources */ = {isa = PBXBuildFile; fileRef = 70FAB66A2063F2A1000DD595 /* YKPieView.m */; };
		70FAB6722063F2BE000DD595 /* CircleChartController.m in Sources */ = {isa = PBXBuildFile; fileRef = 70FAB6712063F2BE000DD595 /* CircleChartController.m */; };
		70FAB67620649AD7000DD595 /* YKTouchResponderView.m in Sources */ = {isa = PBXBuildFile; fileRef = 70FAB67520649AD7000DD595 /* YKTouchResponderView.m */; };
		70FAB6792064A81E000DD595 /* YKPieChart.m in Sources */ = {isa = PBXBuildFile; fileRef = 70FAB6782064A81E000DD595 /* YKPieChart.m */; };
		70FAB67C2064AC3D000DD595 /* PieChartController.m in Sources */ = {isa = PBXBuildFile; fileRef = 70FAB67B2064AC3D000DD595 /* PieChartController.m */; };
		70FAB67F2064E0F9000DD595 /* LineChartController.m in Sources */ = {isa = PBXBuildFile; fileRef = 70FAB67E2064E0F9000DD595 /* LineChartController.m */; };
		70FAB6832064EAC1000DD595 /* YKLineChart.m in Sources */ = {isa = PBXBuildFile; fileRef = 70FAB6822064EAC1000DD595 /* YKLineChart.m */; };
		70FAB6862064EB93000DD595 /* YKLine.m in Sources */ = {isa = PBXBuildFile; fileRef = 70FAB6852064EB93000DD595 /* YKLine.m */; };
		70FAB6892064EFC1000DD595 /* YKVerticalAxis.m in Sources */ = {isa = PBXBuildFile; fileRef = 70FAB6882064EFC1000DD595 /* YKVerticalAxis.m */; };
		70FAB68C2064EFFD000DD595 /* YKHorizontalAxis.m in Sources */ = {isa = PBXBuildFile; fileRef = 70FAB68B2064EFFD000DD595 /* YKHorizontalAxis.m */; };
/* End PBXBuildFile section */

/* Begin PBXFileReference section */
		70FAB6452063F1E2000DD595 /* YKChart.app */ = {isa = PBXFileReference; explicitFileType = wrapper.application; includeInIndex = 0; path = YKChart.app; sourceTree = BUILT_PRODUCTS_DIR; };
		70FAB6482063F1E3000DD595 /* AppDelegate.h */ = {isa = PBXFileReference; lastKnownFileType = sourcecode.c.h; path = AppDelegate.h; sourceTree = "<group>"; };
		70FAB6492063F1E3000DD595 /* AppDelegate.m */ = {isa = PBXFileReference; lastKnownFileType = sourcecode.c.objc; path = AppDelegate.m; sourceTree = "<group>"; };
		70FAB64B2063F1E3000DD595 /* ViewController.h */ = {isa = PBXFileReference; lastKnownFileType = sourcecode.c.h; path = ViewController.h; sourceTree = "<group>"; };
		70FAB64C2063F1E3000DD595 /* ViewController.m */ = {isa = PBXFileReference; lastKnownFileType = sourcecode.c.objc; path = ViewController.m; sourceTree = "<group>"; };
		70FAB64F2063F1E3000DD595 /* Base */ = {isa = PBXFileReference; lastKnownFileType = file.storyboard; name = Base; path = Base.lproj/Main.storyboard; sourceTree = "<group>"; };
		70FAB6512063F1E3000DD595 /* Assets.xcassets */ = {isa = PBXFileReference; lastKnownFileType = folder.assetcatalog; path = Assets.xcassets; sourceTree = "<group>"; };
		70FAB6542063F1E3000DD595 /* Base */ = {isa = PBXFileReference; lastKnownFileType = file.storyboard; name = Base; path = Base.lproj/LaunchScreen.storyboard; sourceTree = "<group>"; };
		70FAB6562063F1E3000DD595 /* Info.plist */ = {isa = PBXFileReference; lastKnownFileType = text.plist.xml; path = Info.plist; sourceTree = "<group>"; };
		70FAB6572063F1E3000DD595 /* main.m */ = {isa = PBXFileReference; lastKnownFileType = sourcecode.c.objc; path = main.m; sourceTree = "<group>"; };
		70FAB6612063F2A1000DD595 /* YKAngleTool.m */ = {isa = PBXFileReference; fileEncoding = 4; lastKnownFileType = sourcecode.c.objc; path = YKAngleTool.m; sourceTree = "<group>"; };
		70FAB6622063F2A1000DD595 /* YKDataModel.h */ = {isa = PBXFileReference; fileEncoding = 4; lastKnownFileType = sourcecode.c.h; path = YKDataModel.h; sourceTree = "<group>"; };
		70FAB6632063F2A1000DD595 /* YKCircleView.m */ = {isa = PBXFileReference; fileEncoding = 4; lastKnownFileType = sourcecode.c.objc; path = YKCircleView.m; sourceTree = "<group>"; };
		70FAB6642063F2A1000DD595 /* YKLoopView.h */ = {isa = PBXFileReference; fileEncoding = 4; lastKnownFileType = sourcecode.c.h; path = YKLoopView.h; sourceTree = "<group>"; };
		70FAB6652063F2A1000DD595 /* YKPieView.h */ = {isa = PBXFileReference; fileEncoding = 4; lastKnownFileType = sourcecode.c.h; path = YKPieView.h; sourceTree = "<group>"; };
		70FAB6662063F2A1000DD595 /* YKDataModel.m */ = {isa = PBXFileReference; fileEncoding = 4; lastKnownFileType = sourcecode.c.objc; path = YKDataModel.m; sourceTree = "<group>"; };
		70FAB6672063F2A1000DD595 /* YKAngleTool.h */ = {isa = PBXFileReference; fileEncoding = 4; lastKnownFileType = sourcecode.c.h; path = YKAngleTool.h; sourceTree = "<group>"; };
		70FAB6682063F2A1000DD595 /* YKCircleView.h */ = {isa = PBXFileReference; fileEncoding = 4; lastKnownFileType = sourcecode.c.h; path = YKCircleView.h; sourceTree = "<group>"; };
		70FAB6692063F2A1000DD595 /* YKLoopView.m */ = {isa = PBXFileReference; fileEncoding = 4; lastKnownFileType = sourcecode.c.objc; path = YKLoopView.m; sourceTree = "<group>"; };
		70FAB66A2063F2A1000DD595 /* YKPieView.m */ = {isa = PBXFileReference; fileEncoding = 4; lastKnownFileType = sourcecode.c.objc; path = YKPieView.m; sourceTree = "<group>"; };
		70FAB6702063F2BE000DD595 /* CircleChartController.h */ = {isa = PBXFileReference; lastKnownFileType = sourcecode.c.h; path = CircleChartController.h; sourceTree = "<group>"; };
		70FAB6712063F2BE000DD595 /* CircleChartController.m */ = {isa = PBXFileReference; lastKnownFileType = sourcecode.c.objc; path = CircleChartController.m; sourceTree = "<group>"; };
		70FAB67420649AD7000DD595 /* YKTouchResponderView.h */ = {isa = PBXFileReference; lastKnownFileType = sourcecode.c.h; path = YKTouchResponderView.h; sourceTree = "<group>"; };
		70FAB67520649AD7000DD595 /* YKTouchResponderView.m */ = {isa = PBXFileReference; lastKnownFileType = sourcecode.c.objc; path = YKTouchResponderView.m; sourceTree = "<group>"; };
		70FAB6772064A81E000DD595 /* YKPieChart.h */ = {isa = PBXFileReference; lastKnownFileType = sourcecode.c.h; path = YKPieChart.h; sourceTree = "<group>"; };
		70FAB6782064A81E000DD595 /* YKPieChart.m */ = {isa = PBXFileReference; lastKnownFileType = sourcecode.c.objc; path = YKPieChart.m; sourceTree = "<group>"; };
		70FAB67A2064AC3D000DD595 /* PieChartController.h */ = {isa = PBXFileReference; lastKnownFileType = sourcecode.c.h; path = PieChartController.h; sourceTree = "<group>"; };
		70FAB67B2064AC3D000DD595 /* PieChartController.m */ = {isa = PBXFileReference; lastKnownFileType = sourcecode.c.objc; path = PieChartController.m; sourceTree = "<group>"; };
		70FAB67D2064E0F9000DD595 /* LineChartController.h */ = {isa = PBXFileReference; lastKnownFileType = sourcecode.c.h; path = LineChartController.h; sourceTree = "<group>"; };
		70FAB67E2064E0F9000DD595 /* LineChartController.m */ = {isa = PBXFileReference; lastKnownFileType = sourcecode.c.objc; path = LineChartController.m; sourceTree = "<group>"; };
		70FAB6812064EAC1000DD595 /* YKLineChart.h */ = {isa = PBXFileReference; lastKnownFileType = sourcecode.c.h; path = YKLineChart.h; sourceTree = "<group>"; };
		70FAB6822064EAC1000DD595 /* YKLineChart.m */ = {isa = PBXFileReference; lastKnownFileType = sourcecode.c.objc; path = YKLineChart.m; sourceTree = "<group>"; };
		70FAB6842064EB93000DD595 /* YKLine.h */ = {isa = PBXFileReference; lastKnownFileType = sourcecode.c.h; path = YKLine.h; sourceTree = "<group>"; };
		70FAB6852064EB93000DD595 /* YKLine.m */ = {isa = PBXFileReference; lastKnownFileType = sourcecode.c.objc; path = YKLine.m; sourceTree = "<group>"; };
		70FAB6872064EFC1000DD595 /* YKVerticalAxis.h */ = {isa = PBXFileReference; lastKnownFileType = sourcecode.c.h; path = YKVerticalAxis.h; sourceTree = "<group>"; };
		70FAB6882064EFC1000DD595 /* YKVerticalAxis.m */ = {isa = PBXFileReference; lastKnownFileType = sourcecode.c.objc; path = YKVerticalAxis.m; sourceTree = "<group>"; };
		70FAB68A2064EFFD000DD595 /* YKHorizontalAxis.h */ = {isa = PBXFileReference; lastKnownFileType = sourcecode.c.h; path = YKHorizontalAxis.h; sourceTree = "<group>"; };
		70FAB68B2064EFFD000DD595 /* YKHorizontalAxis.m */ = {isa = PBXFileReference; lastKnownFileType = sourcecode.c.objc; path = YKHorizontalAxis.m; sourceTree = "<group>"; };
/* End PBXFileReference section */

/* Begin PBXFrameworksBuildPhase section */
		70FAB6422063F1E2000DD595 /* Frameworks */ = {
			isa = PBXFrameworksBuildPhase;
			buildActionMask = 2147483647;
			files = (
			);
			runOnlyForDeploymentPostprocessing = 0;
		};
/* End PBXFrameworksBuildPhase section */

/* Begin PBXGroup section */
		70FAB63C2063F1E2000DD595 = {
			isa = PBXGroup;
			children = (
				70FAB6472063F1E2000DD595 /* YKChart */,
				70FAB6462063F1E2000DD595 /* Products */,
			);
			sourceTree = "<group>";
		};
		70FAB6462063F1E2000DD595 /* Products */ = {
			isa = PBXGroup;
			children = (
				70FAB6452063F1E2000DD595 /* YKChart.app */,
			);
			name = Products;
			sourceTree = "<group>";
		};
		70FAB6472063F1E2000DD595 /* YKChart */ = {
			isa = PBXGroup;
			children = (
				70FAB6802064E9B4000DD595 /* LineChart */,
				70FAB67320649644000DD595 /* PieChart */,
				70FAB6602063F2A1000DD595 /* CircleChart */,
				70FAB65E2063F23D000DD595 /* Chart */,
				70FAB6482063F1E3000DD595 /* AppDelegate.h */,
				70FAB6492063F1E3000DD595 /* AppDelegate.m */,
				70FAB64B2063F1E3000DD595 /* ViewController.h */,
				70FAB64C2063F1E3000DD595 /* ViewController.m */,
				70FAB64E2063F1E3000DD595 /* Main.storyboard */,
				70FAB6512063F1E3000DD595 /* Assets.xcassets */,
				70FAB6532063F1E3000DD595 /* LaunchScreen.storyboard */,
				70FAB6562063F1E3000DD595 /* Info.plist */,
				70FAB6572063F1E3000DD595 /* main.m */,
			);
			path = YKChart;
			sourceTree = "<group>";
		};
		70FAB65E2063F23D000DD595 /* Chart */ = {
			isa = PBXGroup;
			children = (
				70FAB6702063F2BE000DD595 /* CircleChartController.h */,
				70FAB6712063F2BE000DD595 /* CircleChartController.m */,
				70FAB67A2064AC3D000DD595 /* PieChartController.h */,
				70FAB67B2064AC3D000DD595 /* PieChartController.m */,
				70FAB67D2064E0F9000DD595 /* LineChartController.h */,
				70FAB67E2064E0F9000DD595 /* LineChartController.m */,
			);
			path = Chart;
			sourceTree = "<group>";
		};
		70FAB6602063F2A1000DD595 /* CircleChart */ = {
			isa = PBXGroup;
			children = (
				70FAB6612063F2A1000DD595 /* YKAngleTool.m */,
				70FAB6672063F2A1000DD595 /* YKAngleTool.h */,
				70FAB6682063F2A1000DD595 /* YKCircleView.h */,
				70FAB6632063F2A1000DD595 /* YKCircleView.m */,
				70FAB6622063F2A1000DD595 /* YKDataModel.h */,
				70FAB6662063F2A1000DD595 /* YKDataModel.m */,
				70FAB6642063F2A1000DD595 /* YKLoopView.h */,
				70FAB6692063F2A1000DD595 /* YKLoopView.m */,
				70FAB6652063F2A1000DD595 /* YKPieView.h */,
				70FAB66A2063F2A1000DD595 /* YKPieView.m */,
			);
			path = CircleChart;
			sourceTree = "<group>";
		};
		70FAB67320649644000DD595 /* PieChart */ = {
			isa = PBXGroup;
			children = (
				70FAB67420649AD7000DD595 /* YKTouchResponderView.h */,
				70FAB67520649AD7000DD595 /* YKTouchResponderView.m */,
				70FAB6772064A81E000DD595 /* YKPieChart.h */,
				70FAB6782064A81E000DD595 /* YKPieChart.m */,
			);
			path = PieChart;
			sourceTree = "<group>";
		};
		70FAB6802064E9B4000DD595 /* LineChart */ = {
			isa = PBXGroup;
			children = (
				70FAB6812064EAC1000DD595 /* YKLineChart.h */,
				70FAB6822064EAC1000DD595 /* YKLineChart.m */,
				70FAB6842064EB93000DD595 /* YKLine.h */,
				70FAB6852064EB93000DD595 /* YKLine.m */,
				70FAB6872064EFC1000DD595 /* YKVerticalAxis.h */,
				70FAB6882064EFC1000DD595 /* YKVerticalAxis.m */,
				70FAB68A2064EFFD000DD595 /* YKHorizontalAxis.h */,
				70FAB68B2064EFFD000DD595 /* YKHorizontalAxis.m */,
			);
			path = LineChart;
			sourceTree = "<group>";
		};
/* End PBXGroup section */

/* Begin PBXNativeTarget section */
		70FAB6442063F1E2000DD595 /* YKChart */ = {
			isa = PBXNativeTarget;
			buildConfigurationList = 70FAB65B2063F1E3000DD595 /* Build configuration list for PBXNativeTarget "YKChart" */;
			buildPhases = (
				70FAB6412063F1E2000DD595 /* Sources */,
				70FAB6422063F1E2000DD595 /* Frameworks */,
				70FAB6432063F1E2000DD595 /* Resources */,
			);
			buildRules = (
			);
			dependencies = (
			);
			name = YKChart;
			productName = YKChart;
			productReference = 70FAB6452063F1E2000DD595 /* YKChart.app */;
			productType = "com.apple.product-type.application";
		};
/* End PBXNativeTarget section */

/* Begin PBXProject section */
		70FAB63D2063F1E2000DD595 /* Project object */ = {
			isa = PBXProject;
			attributes = {
				LastUpgradeCheck = 0920;
				ORGANIZATIONNAME = yangka;
				TargetAttributes = {
					70FAB6442063F1E2000DD595 = {
						CreatedOnToolsVersion = 9.2;
						ProvisioningStyle = Automatic;
					};
				};
			};
			buildConfigurationList = 70FAB6402063F1E2000DD595 /* Build configuration list for PBXProject "YKChart" */;
			compatibilityVersion = "Xcode 8.0";
			developmentRegion = en;
			hasScannedForEncodings = 0;
			knownRegions = (
				en,
				Base,
			);
			mainGroup = 70FAB63C2063F1E2000DD595;
			productRefGroup = 70FAB6462063F1E2000DD595 /* Products */;
			projectDirPath = "";
			projectRoot = "";
			targets = (
				70FAB6442063F1E2000DD595 /* YKChart */,
			);
		};
/* End PBXProject section */

/* Begin PBXResourcesBuildPhase section */
		70FAB6432063F1E2000DD595 /* Resources */ = {
			isa = PBXResourcesBuildPhase;
			buildActionMask = 2147483647;
			files = (
				70FAB6552063F1E3000DD595 /* LaunchScreen.storyboard in Resources */,
				70FAB6522063F1E3000DD595 /* Assets.xcassets in Resources */,
				70FAB6502063F1E3000DD595 /* Main.storyboard in Resources */,
			);
			runOnlyForDeploymentPostprocessing = 0;
		};
/* End PBXResourcesBuildPhase section */

/* Begin PBXSourcesBuildPhase section */
		70FAB6412063F1E2000DD595 /* Sources */ = {
			isa = PBXSourcesBuildPhase;
			buildActionMask = 2147483647;
			files = (
				70FAB64D2063F1E3000DD595 /* ViewController.m in Sources */,
				70FAB66C2063F2A1000DD595 /* YKCircleView.m in Sources */,
				70FAB6832064EAC1000DD595 /* YKLineChart.m in Sources */,
				70FAB6582063F1E3000DD595 /* main.m in Sources */,
				70FAB67F2064E0F9000DD595 /* LineChartController.m in Sources */,
				70FAB68C2064EFFD000DD595 /* YKHorizontalAxis.m in Sources */,
				70FAB6862064EB93000DD595 /* YKLine.m in Sources */,
				70FAB67C2064AC3D000DD595 /* PieChartController.m in Sources */,
				70FAB64A2063F1E3000DD595 /* AppDelegate.m in Sources */,
				70FAB6792064A81E000DD595 /* YKPieChart.m in Sources */,
				70FAB67620649AD7000DD595 /* YKTouchResponderView.m in Sources */,
				70FAB66B2063F2A1000DD595 /* YKAngleTool.m in Sources */,
				70FAB6722063F2BE000DD595 /* CircleChartController.m in Sources */,
				70FAB66F2063F2A1000DD595 /* YKPieView.m in Sources */,
				70FAB66D2063F2A1000DD595 /* YKDataModel.m in Sources */,
				70FAB6892064EFC1000DD595 /* YKVerticalAxis.m in Sources */,
				70FAB66E2063F2A1000DD595 /* YKLoopView.m in Sources */,
			);
			runOnlyForDeploymentPostprocessing = 0;
		};
/* End PBXSourcesBuildPhase section */

/* Begin PBXVariantGroup section */
		70FAB64E2063F1E3000DD595 /* Main.storyboard */ = {
			isa = PBXVariantGroup;
			children = (
				70FAB64F2063F1E3000DD595 /* Base */,
			);
			name = Main.storyboard;
			sourceTree = "<group>";
		};
		70FAB6532063F1E3000DD595 /* LaunchScreen.storyboard */ = {
			isa = PBXVariantGroup;
			children = (
				70FAB6542063F1E3000DD595 /* Base */,
			);
			name = LaunchScreen.storyboard;
			sourceTree = "<group>";
		};
/* End PBXVariantGroup section */

/* Begin XCBuildConfiguration section */
		70FAB6592063F1E3000DD595 /* Debug */ = {
			isa = XCBuildConfiguration;
			buildSettings = {
				ALWAYS_SEARCH_USER_PATHS = NO;
				CLANG_ANALYZER_NONNULL = YES;
				CLANG_ANALYZER_NUMBER_OBJECT_CONVERSION = YES_AGGRESSIVE;
				CLANG_CXX_LANGUAGE_STANDARD = "gnu++14";
				CLANG_CXX_LIBRARY = "libc++";
				CLANG_ENABLE_MODULES = YES;
				CLANG_ENABLE_OBJC_ARC = YES;
				CLANG_WARN_BLOCK_CAPTURE_AUTORELEASING = YES;
				CLANG_WARN_BOOL_CONVERSION = YES;
				CLANG_WARN_COMMA = YES;
				CLANG_WARN_CONSTANT_CONVERSION = YES;
				CLANG_WARN_DIRECT_OBJC_ISA_USAGE = YES_ERROR;
				CLANG_WARN_DOCUMENTATION_COMMENTS = YES;
				CLANG_WARN_EMPTY_BODY = YES;
				CLANG_WARN_ENUM_CONVERSION = YES;
				CLANG_WARN_INFINITE_RECURSION = YES;
				CLANG_WARN_INT_CONVERSION = YES;
				CLANG_WARN_NON_LITERAL_NULL_CONVERSION = YES;
				CLANG_WARN_OBJC_LITERAL_CONVERSION = YES;
				CLANG_WARN_OBJC_ROOT_CLASS = YES_ERROR;
				CLANG_WARN_RANGE_LOOP_ANALYSIS = YES;
				CLANG_WARN_STRICT_PROTOTYPES = YES;
				CLANG_WARN_SUSPICIOUS_MOVE = YES;
				CLANG_WARN_UNGUARDED_AVAILABILITY = YES_AGGRESSIVE;
				CLANG_WARN_UNREACHABLE_CODE = YES;
				CLANG_WARN__DUPLICATE_METHOD_MATCH = YES;
				CODE_SIGN_IDENTITY = "iPhone Developer";
				COPY_PHASE_STRIP = NO;
				DEBUG_INFORMATION_FORMAT = dwarf;
				ENABLE_STRICT_OBJC_MSGSEND = YES;
				ENABLE_TESTABILITY = YES;
				GCC_C_LANGUAGE_STANDARD = gnu11;
				GCC_DYNAMIC_NO_PIC = NO;
				GCC_NO_COMMON_BLOCKS = YES;
				GCC_OPTIMIZATION_LEVEL = 0;
				GCC_PREPROCESSOR_DEFINITIONS = (
					"DEBUG=1",
					"$(inherited)",
				);
				GCC_WARN_64_TO_32_BIT_CONVERSION = YES;
				GCC_WARN_ABOUT_RETURN_TYPE = YES_ERROR;
				GCC_WARN_UNDECLARED_SELECTOR = YES;
				GCC_WARN_UNINITIALIZED_AUTOS = YES_AGGRESSIVE;
				GCC_WARN_UNUSED_FUNCTION = YES;
				GCC_WARN_UNUSED_VARIABLE = YES;
				IPHONEOS_DEPLOYMENT_TARGET = 11.2;
				MTL_ENABLE_DEBUG_INFO = YES;
				ONLY_ACTIVE_ARCH = YES;
				SDKROOT = iphoneos;
			};
			name = Debug;
		};
		70FAB65A2063F1E3000DD595 /* Release */ = {
			isa = XCBuildConfiguration;
			buildSettings = {
				ALWAYS_SEARCH_USER_PATHS = NO;
				CLANG_ANALYZER_NONNULL = YES;
				CLANG_ANALYZER_NUMBER_OBJECT_CONVERSION = YES_AGGRESSIVE;
				CLANG_CXX_LANGUAGE_STANDARD = "gnu++14";
				CLANG_CXX_LIBRARY = "libc++";
				CLANG_ENABLE_MODULES = YES;
				CLANG_ENABLE_OBJC_ARC = YES;
				CLANG_WARN_BLOCK_CAPTURE_AUTORELEASING = YES;
				CLANG_WARN_BOOL_CONVERSION = YES;
				CLANG_WARN_COMMA = YES;
				CLANG_WARN_CONSTANT_CONVERSION = YES;
				CLANG_WARN_DIRECT_OBJC_ISA_USAGE = YES_ERROR;
				CLANG_WARN_DOCUMENTATION_COMMENTS = YES;
				CLANG_WARN_EMPTY_BODY = YES;
				CLANG_WARN_ENUM_CONVERSION = YES;
				CLANG_WARN_INFINITE_RECURSION = YES;
				CLANG_WARN_INT_CONVERSION = YES;
				CLANG_WARN_NON_LITERAL_NULL_CONVERSION = YES;
				CLANG_WARN_OBJC_LITERAL_CONVERSION = YES;
				CLANG_WARN_OBJC_ROOT_CLASS = YES_ERROR;
				CLANG_WARN_RANGE_LOOP_ANALYSIS = YES;
				CLANG_WARN_STRICT_PROTOTYPES = YES;
				CLANG_WARN_SUSPICIOUS_MOVE = YES;
				CLANG_WARN_UNGUARDED_AVAILABILITY = YES_AGGRESSIVE;
				CLANG_WARN_UNREACHABLE_CODE = YES;
				CLANG_WARN__DUPLICATE_METHOD_MATCH = YES;
				CODE_SIGN_IDENTITY = "iPhone Developer";
				COPY_PHASE_STRIP = NO;
				DEBUG_INFORMATION_FORMAT = "dwarf-with-dsym";
				ENABLE_NS_ASSERTIONS = NO;
				ENABLE_STRICT_OBJC_MSGSEND = YES;
				GCC_C_LANGUAGE_STANDARD = gnu11;
				GCC_NO_COMMON_BLOCKS = YES;
				GCC_WARN_64_TO_32_BIT_CONVERSION = YES;
				GCC_WARN_ABOUT_RETURN_TYPE = YES_ERROR;
				GCC_WARN_UNDECLARED_SELECTOR = YES;
				GCC_WARN_UNINITIALIZED_AUTOS = YES_AGGRESSIVE;
				GCC_WARN_UNUSED_FUNCTION = YES;
				GCC_WARN_UNUSED_VARIABLE = YES;
				IPHONEOS_DEPLOYMENT_TARGET = 11.2;
				MTL_ENABLE_DEBUG_INFO = NO;
				SDKROOT = iphoneos;
				VALIDATE_PRODUCT = YES;
			};
			name = Release;
		};
		70FAB65C2063F1E3000DD595 /* Debug */ = {
			isa = XCBuildConfiguration;
			buildSettings = {
				ASSETCATALOG_COMPILER_APPICON_NAME = AppIcon;
				CODE_SIGN_STYLE = Automatic;
				DEVELOPMENT_TEAM = 4QVJTFD4ZG;
				INFOPLIST_FILE = YKChart/Info.plist;
				LD_RUNPATH_SEARCH_PATHS = "$(inherited) @executable_path/Frameworks";
				PRODUCT_BUNDLE_IDENTIFIER = yangka.YKChart;
				PRODUCT_NAME = "$(TARGET_NAME)";
				TARGETED_DEVICE_FAMILY = "1,2";
			};
			name = Debug;
		};
		70FAB65D2063F1E3000DD595 /* Release */ = {
			isa = XCBuildConfiguration;
			buildSettings = {
				ASSETCATALOG_COMPILER_APPICON_NAME = AppIcon;
				CODE_SIGN_STYLE = Automatic;
				DEVELOPMENT_TEAM = 4QVJTFD4ZG;
				INFOPLIST_FILE = YKChart/Info.plist;
				LD_RUNPATH_SEARCH_PATHS = "$(inherited) @executable_path/Frameworks";
				PRODUCT_BUNDLE_IDENTIFIER = yangka.YKChart;
				PRODUCT_NAME = "$(TARGET_NAME)";
				TARGETED_DEVICE_FAMILY = "1,2";
			};
			name = Release;
		};
/* End XCBuildConfiguration section */

/* Begin XCConfigurationList section */
		70FAB6402063F1E2000DD595 /* Build configuration list for PBXProject "YKChart" */ = {
			isa = XCConfigurationList;
			buildConfigurations = (
				70FAB6592063F1E3000DD595 /* Debug */,
				70FAB65A2063F1E3000DD595 /* Release */,
			);
			defaultConfigurationIsVisible = 0;
			defaultConfigurationName = Release;
		};
		70FAB65B2063F1E3000DD595 /* Build configuration list for PBXNativeTarget "YKChart" */ = {
			isa = XCConfigurationList;
			buildConfigurations = (
				70FAB65C2063F1E3000DD595 /* Debug */,
				70FAB65D2063F1E3000DD595 /* Release */,
			);
			defaultConfigurationIsVisible = 0;
			defaultConfigurationName = Release;
		};
/* End XCConfigurationList section */
	};
	rootObject = 70FAB63D2063F1E2000DD595 /* Project object */;
}
